Microsoft Visual Studio Solution File, Format Version 12.00
# Visual Studio Version 17
VisualStudioVersion = 17.4.33403.182
MinimumVisualStudioVersion = 10.0.40219.1
Project("{911E67C6-3D85-4FCE-B560-20A9C3E3FF48}") = "jellyfin", "..\..\..\..\..\Program Files\Jellyfin\Server\jellyfin.exe", "{DEE7B5AD-BBE2-4415-AE49-BEC5D6360F81}"
	ProjectSection(DebuggerProjectSystem) = preProject
		PortSupplier = 00000000-0000-0000-0000-000000000000
		Executable = C:\Program Files\Jellyfin\Server\jellyfin.exe
		RemoteMachine = DESKTOP-UDFMQUC
		StartingDirectory = C:\Program Files\Jellyfin\Server
		Environment = Default
		LaunchingEngine = 00000000-0000-0000-0000-000000000000
		UseLegacyDebugEngines = No
		LaunchSQLEngine = No
		AttachLaunchAction = No
		IORedirection = Auto
	EndProjectSection
EndProject
Project("{9A19103F-16F7-4668-BE54-9A1E7A4F7556}") = "Elmuffo.Plugin.AutoChapterSkip", "Elmuffo.Plugin.AutoChapterSkip\Elmuffo.Plugin.AutoChapterSkip.csproj", "{CAEF7D35-7411-41DD-8A88-89EE05F4084C}"
EndProject
Global
	GlobalSection(SolutionConfigurationPlatforms) = preSolution
		Debug|Any CPU = Debug|Any CPU
		Debug|x64 = Debug|x64
		Release|Any CPU = Release|Any CPU
		Release|x64 = Release|x64
	EndGlobalSection
	GlobalSection(ProjectConfigurationPlatforms) = postSolution
		{DEE7B5AD-BBE2-4415-AE49-BEC5D6360F81}.Debug|Any CPU.ActiveCfg = Release|x64
		{DEE7B5AD-BBE2-4415-AE49-BEC5D6360F81}.Debug|x64.ActiveCfg = Release|x64
		{DEE7B5AD-BBE2-4415-AE49-BEC5D6360F81}.Release|Any CPU.ActiveCfg = Release|x64
		{DEE7B5AD-BBE2-4415-AE49-BEC5D6360F81}.Release|x64.ActiveCfg = Release|x64
		{CAEF7D35-7411-41DD-8A88-89EE05F4084C}.Debug|Any CPU.ActiveCfg = Debug|Any CPU
		{CAEF7D35-7411-41DD-8A88-89EE05F4084C}.Debug|Any CPU.Build.0 = Debug|Any CPU
		{CAEF7D35-7411-41DD-8A88-89EE05F4084C}.Debug|x64.ActiveCfg = Debug|Any CPU
		{CAEF7D35-7411-41DD-8A88-89EE05F4084C}.Debug|x64.Build.0 = Debug|Any CPU
		{CAEF7D35-7411-41DD-8A88-89EE05F4084C}.Release|Any CPU.ActiveCfg = Release|Any CPU
		{CAEF7D35-7411-41DD-8A88-89EE05F4084C}.Release|Any CPU.Build.0 = Release|Any CPU
		{CAEF7D35-7411-41DD-8A88-89EE05F4084C}.Release|x64.ActiveCfg = Release|Any CPU
		{CAEF7D35-7411-41DD-8A88-89EE05F4084C}.Release|x64.Build.0 = Release|Any CPU
	EndGlobalSection
	GlobalSection(SolutionProperties) = preSolution
		HideSolutionNode = FALSE
	EndGlobalSection
	GlobalSection(ExtensibilityGlobals) = postSolution
		SolutionGuid = {37945802-076D-4125-859A-8401CCD08FB2}
	EndGlobalSection
EndGlobal
